
Microsoft Visual Studio Solution File, Format Version 12.00
# Visual Studio Version 17
VisualStudioVersion = 17.0.32112.339
MinimumVisualStudioVersion = 10.0.40219.1
Project("{FAE04EC0-301F-11D3-BF4B-00C04F79EFBC}") = "MathsLibrarySoap", "MathsLibrarySoap\MathsLibrarySoap.csproj", "{C561841F-554B-4BDB-814B-1A2EECAC6FD1}"
EndProject
Project("{FAE04EC0-301F-11D3-BF4B-00C04F79EFBC}") = "MathsLibraryRest", "MathsLibraryRest\MathsLibraryRest.csproj", "{C62B4B1A-1EAE-4BEC-9FAD-E097BBFDAE9D}"
EndProject
Project("{FAE04EC0-301F-11D3-BF4B-00C04F79EFBC}") = "Soap Client", "Soap Client\Soap Client.csproj", "{F7CA8B86-14AE-4B9B-B97B-F2F5BDD39016}"
	ProjectSection(ProjectDependencies) = postProject
		{C561841F-554B-4BDB-814B-1A2EECAC6FD1} = {C561841F-554B-4BDB-814B-1A2EECAC6FD1}
	EndProjectSection
EndProject
Project("{2150E333-8FDC-42A3-9474-1A3956D46DE8}") = "Solution Items", "Solution Items", "{7C8AA9FA-7516-4C1C-B869-477CE576204C}"
	ProjectSection(SolutionItems) = preProject
		README.md = README.md
	EndProjectSection
EndProject
Global
	GlobalSection(SolutionConfigurationPlatforms) = preSolution
		Debug|Any CPU = Debug|Any CPU
		Release|Any CPU = Release|Any CPU
	EndGlobalSection
	GlobalSection(ProjectConfigurationPlatforms) = postSolution
		{C561841F-554B-4BDB-814B-1A2EECAC6FD1}.Debug|Any CPU.ActiveCfg = Debug|Any CPU
		{C561841F-554B-4BDB-814B-1A2EECAC6FD1}.Debug|Any CPU.Build.0 = Debug|Any CPU
		{C561841F-554B-4BDB-814B-1A2EECAC6FD1}.Release|Any CPU.ActiveCfg = Release|Any CPU
		{C561841F-554B-4BDB-814B-1A2EECAC6FD1}.Release|Any CPU.Build.0 = Release|Any CPU
		{C62B4B1A-1EAE-4BEC-9FAD-E097BBFDAE9D}.Debug|Any CPU.ActiveCfg = Debug|Any CPU
		{C62B4B1A-1EAE-4BEC-9FAD-E097BBFDAE9D}.Debug|Any CPU.Build.0 = Debug|Any CPU
		{C62B4B1A-1EAE-4BEC-9FAD-E097BBFDAE9D}.Release|Any CPU.ActiveCfg = Release|Any CPU
		{C62B4B1A-1EAE-4BEC-9FAD-E097BBFDAE9D}.Release|Any CPU.Build.0 = Release|Any CPU
		{F7CA8B86-14AE-4B9B-B97B-F2F5BDD39016}.Debug|Any CPU.ActiveCfg = Debug|Any CPU
		{F7CA8B86-14AE-4B9B-B97B-F2F5BDD39016}.Debug|Any CPU.Build.0 = Debug|Any CPU
		{F7CA8B86-14AE-4B9B-B97B-F2F5BDD39016}.Release|Any CPU.ActiveCfg = Release|Any CPU
		{F7CA8B86-14AE-4B9B-B97B-F2F5BDD39016}.Release|Any CPU.Build.0 = Release|Any CPU
	EndGlobalSection
	GlobalSection(SolutionProperties) = preSolution
		HideSolutionNode = FALSE
	EndGlobalSection
	GlobalSection(ExtensibilityGlobals) = postSolution
		SolutionGuid = {3660C767-8BC7-48AD-AE67-08652F578870}
	EndGlobalSection
EndGlobal
